// !$*UTF8*$!
{
	archiveVersion = 1;
	classes = {
	};
	objectVersion = 46;
	objects = {

/* Begin PBXBuildFile section */
		65F0D6281C93A51A0097007D /* AppDelegate.swift in Sources */ = {isa = PBXBuildFile; fileRef = 65F0D6271C93A51A0097007D /* AppDelegate.swift */; };
		65F0D62A1C93A51A0097007D /* ViewController.swift in Sources */ = {isa = PBXBuildFile; fileRef = 65F0D6291C93A51A0097007D /* ViewController.swift */; };
		65F0D62D1C93A51A0097007D /* Main.storyboard in Resources */ = {isa = PBXBuildFile; fileRef = 65F0D62B1C93A51A0097007D /* Main.storyboard */; };
		65F0D62F1C93A51A0097007D /* Assets.xcassets in Resources */ = {isa = PBXBuildFile; fileRef = 65F0D62E1C93A51A0097007D /* Assets.xcassets */; };
		65F0D6321C93A51A0097007D /* LaunchScreen.storyboard in Resources */ = {isa = PBXBuildFile; fileRef = 65F0D6301C93A51A0097007D /* LaunchScreen.storyboard */; };
		65F0D63D1C93A51A0097007D /* calculatorTests.swift in Sources */ = {isa = PBXBuildFile; fileRef = 65F0D63C1C93A51A0097007D /* calculatorTests.swift */; };
		65F0D6481C93A51A0097007D /* calculatorUITests.swift in Sources */ = {isa = PBXBuildFile; fileRef = 65F0D6471C93A51A0097007D /* calculatorUITests.swift */; };
/* End PBXBuildFile section */

/* Begin PBXContainerItemProxy section */
		65F0D6391C93A51A0097007D /* PBXContainerItemProxy */ = {
			isa = PBXContainerItemProxy;
			containerPortal = 65F0D61C1C93A51A0097007D /* Project object */;
			proxyType = 1;
			remoteGlobalIDString = 65F0D6231C93A51A0097007D;
			remoteInfo = calculator;
		};
		65F0D6441C93A51A0097007D /* PBXContainerItemProxy */ = {
			isa = PBXContainerItemProxy;
			containerPortal = 65F0D61C1C93A51A0097007D /* Project object */;
			proxyType = 1;
			remoteGlobalIDString = 65F0D6231C93A51A0097007D;
			remoteInfo = calculator;
		};
/* End PBXContainerItemProxy section */

/* Begin PBXFileReference section */
		65F0D6241C93A51A0097007D /* calculator.app */ = {isa = PBXFileReference; explicitFileType = wrapper.application; includeInIndex = 0; path = calculator.app; sourceTree = BUILT_PRODUCTS_DIR; };
		65F0D6271C93A51A0097007D /* AppDelegate.swift */ = {isa = PBXFileReference; lastKnownFileType = sourcecode.swift; path = AppDelegate.swift; sourceTree = "<group>"; };
		65F0D6291C93A51A0097007D /* ViewController.swift */ = {isa = PBXFileReference; lastKnownFileType = sourcecode.swift; path = ViewController.swift; sourceTree = "<group>"; };
		65F0D62C1C93A51A0097007D /* Base */ = {isa = PBXFileReference; lastKnownFileType = file.storyboard; name = Base; path = Base.lproj/Main.storyboard; sourceTree = "<group>"; };
		65F0D62E1C93A51A0097007D /* Assets.xcassets */ = {isa = PBXFileReference; lastKnownFileType = folder.assetcatalog; path = Assets.xcassets; sourceTree = "<group>"; };
		65F0D6311C93A51A0097007D /* Base */ = {isa = PBXFileReference; lastKnownFileType = file.storyboard; name = Base; path = Base.lproj/LaunchScreen.storyboard; sourceTree = "<group>"; };
		65F0D6331C93A51A0097007D /* Info.plist */ = {isa = PBXFileReference; lastKnownFileType = text.plist.xml; path = Info.plist; sourceTree = "<group>"; };
		65F0D6381C93A51A0097007D /* calculatorTests.xctest */ = {isa = PBXFileReference; explicitFileType = wrapper.cfbundle; includeInIndex = 0; path = calculatorTests.xctest; sourceTree = BUILT_PRODUCTS_DIR; };
		65F0D63C1C93A51A0097007D /* calculatorTests.swift */ = {isa = PBXFileReference; lastKnownFileType = sourcecode.swift; path = calculatorTests.swift; sourceTree = "<group>"; };
		65F0D63E1C93A51A0097007D /* Info.plist */ = {isa = PBXFileReference; lastKnownFileType = text.plist.xml; path = Info.plist; sourceTree = "<group>"; };
		65F0D6431C93A51A0097007D /* calculatorUITests.xctest */ = {isa = PBXFileReference; explicitFileType = wrapper.cfbundle; includeInIndex = 0; path = calculatorUITests.xctest; sourceTree = BUILT_PRODUCTS_DIR; };
		65F0D6471C93A51A0097007D /* calculatorUITests.swift */ = {isa = PBXFileReference; lastKnownFileType = sourcecode.swift; path = calculatorUITests.swift; sourceTree = "<group>"; };
		65F0D6491C93A51A0097007D /* Info.plist */ = {isa = PBXFileReference; lastKnownFileType = text.plist.xml; path = Info.plist; sourceTree = "<group>"; };
/* End PBXFileReference section */

/* Begin PBXFrameworksBuildPhase section */
		65F0D6211C93A51A0097007D /* Frameworks */ = {
			isa = PBXFrameworksBuildPhase;
			buildActionMask = 2147483647;
			files = (
			);
			runOnlyForDeploymentPostprocessing = 0;
		};
		65F0D6351C93A51A0097007D /* Frameworks */ = {
			isa = PBXFrameworksBuildPhase;
			buildActionMask = 2147483647;
			files = (
			);
			runOnlyForDeploymentPostprocessing = 0;
		};
		65F0D6401C93A51A0097007D /* Frameworks */ = {
			isa = PBXFrameworksBuildPhase;
			buildActionMask = 2147483647;
			files = (
			);
			runOnlyForDeploymentPostprocessing = 0;
		};
/* End PBXFrameworksBuildPhase section */

/* Begin PBXGroup section */
		65F0D61B1C93A51A0097007D = {
			isa = PBXGroup;
			children = (
				65F0D6261C93A51A0097007D /* calculator */,
				65F0D63B1C93A51A0097007D /* calculatorTests */,
				65F0D6461C93A51A0097007D /* calculatorUITests */,
				65F0D6251C93A51A0097007D /* Products */,
			);
			sourceTree = "<group>";
		};
		65F0D6251C93A51A0097007D /* Products */ = {
			isa = PBXGroup;
			children = (
				65F0D6241C93A51A0097007D /* calculator.app */,
				65F0D6381C93A51A0097007D /* calculatorTests.xctest */,
				65F0D6431C93A51A0097007D /* calculatorUITests.xctest */,
			);
			name = Products;
			sourceTree = "<group>";
		};
		65F0D6261C93A51A0097007D /* calculator */ = {
			isa = PBXGroup;
			children = (
				65F0D6271C93A51A0097007D /* AppDelegate.swift */,
				65F0D6291C93A51A0097007D /* ViewController.swift */,
				65F0D62B1C93A51A0097007D /* Main.storyboard */,
				65F0D62E1C93A51A0097007D /* Assets.xcassets */,
				65F0D6301C93A51A0097007D /* LaunchScreen.storyboard */,
				65F0D6331C93A51A0097007D /* Info.plist */,
			);
			path = calculator;
			sourceTree = "<group>";
		};
		65F0D63B1C93A51A0097007D /* calculatorTests */ = {
			isa = PBXGroup;
			children = (
				65F0D63C1C93A51A0097007D /* calculatorTests.swift */,
				65F0D63E1C93A51A0097007D /* Info.plist */,
			);
			path = calculatorTests;
			sourceTree = "<group>";
		};
		65F0D6461C93A51A0097007D /* calculatorUITests */ = {
			isa = PBXGroup;
			children = (
				65F0D6471C93A51A0097007D /* calculatorUITests.swift */,
				65F0D6491C93A51A0097007D /* Info.plist */,
			);
			path = calculatorUITests;
			sourceTree = "<group>";
		};
/* End PBXGroup section */

/* Begin PBXNativeTarget section */
		65F0D6231C93A51A0097007D /* calculator */ = {
			isa = PBXNativeTarget;
			buildConfigurationList = 65F0D64C1C93A51A0097007D /* Build configuration list for PBXNativeTarget "calculator" */;
			buildPhases = (
				65F0D6201C93A51A0097007D /* Sources */,
				65F0D6211C93A51A0097007D /* Frameworks */,
				65F0D6221C93A51A0097007D /* Resources */,
			);
			buildRules = (
			);
			dependencies = (
			);
			name = calculator;
			productName = calculator;
			productReference = 65F0D6241C93A51A0097007D /* calculator.app */;
			productType = "com.apple.product-type.application";
		};
		65F0D6371C93A51A0097007D /* calculatorTests */ = {
			isa = PBXNativeTarget;
			buildConfigurationList = 65F0D64F1C93A51A0097007D /* Build configuration list for PBXNativeTarget "calculatorTests" */;
			buildPhases = (
				65F0D6341C93A51A0097007D /* Sources */,
				65F0D6351C93A51A0097007D /* Frameworks */,
				65F0D6361C93A51A0097007D /* Resources */,
			);
			buildRules = (
			);
			dependencies = (
				65F0D63A1C93A51A0097007D /* PBXTargetDependency */,
			);
			name = calculatorTests;
			productName = calculatorTests;
			productReference = 65F0D6381C93A51A0097007D /* calculatorTests.xctest */;
			productType = "com.apple.product-type.bundle.unit-test";
		};
		65F0D6421C93A51A0097007D /* calculatorUITests */ = {
			isa = PBXNativeTarget;
			buildConfigurationList = 65F0D6521C93A51A0097007D /* Build configuration list for PBXNativeTarget "calculatorUITests" */;
			buildPhases = (
				65F0D63F1C93A51A0097007D /* Sources */,
				65F0D6401C93A51A0097007D /* Frameworks */,
				65F0D6411C93A51A0097007D /* Resources */,
			);
			buildRules = (
			);
			dependencies = (
				65F0D6451C93A51A0097007D /* PBXTargetDependency */,
			);
			name = calculatorUITests;
			productName = calculatorUITests;
			productReference = 65F0D6431C93A51A0097007D /* calculatorUITests.xctest */;
			productType = "com.apple.product-type.bundle.ui-testing";
		};
/* End PBXNativeTarget section */

/* Begin PBXProject section */
		65F0D61C1C93A51A0097007D /* Project object */ = {
			isa = PBXProject;
			attributes = {
				LastSwiftUpdateCheck = 0720;
				LastUpgradeCheck = 0720;
				ORGANIZATIONNAME = Meiyi;
				TargetAttributes = {
					65F0D6231C93A51A0097007D = {
						CreatedOnToolsVersion = 7.2;
					};
					65F0D6371C93A51A0097007D = {
						CreatedOnToolsVersion = 7.2;
						TestTargetID = 65F0D6231C93A51A0097007D;
					};
					65F0D6421C93A51A0097007D = {
						CreatedOnToolsVersion = 7.2;
						TestTargetID = 65F0D6231C93A51A0097007D;
					};
				};
			};
			buildConfigurationList = 65F0D61F1C93A51A0097007D /* Build configuration list for PBXProject "calculator" */;
			compatibilityVersion = "Xcode 3.2";
			developmentRegion = English;
			hasScannedForEncodings = 0;
			knownRegions = (
				en,
				Base,
			);
			mainGroup = 65F0D61B1C93A51A0097007D;
			productRefGroup = 65F0D6251C93A51A0097007D /* Products */;
			projectDirPath = "";
			projectRoot = "";
			targets = (
				65F0D6231C93A51A0097007D /* calculator */,
				65F0D6371C93A51A0097007D /* calculatorTests */,
				65F0D6421C93A51A0097007D /* calculatorUITests */,
			);
		};
/* End PBXProject section */

/* Begin PBXResourcesBuildPhase section */
		65F0D6221C93A51A0097007D /* Resources */ = {
			isa = PBXResourcesBuildPhase;
			buildActionMask = 2147483647;
			files = (
				65F0D6321C93A51A0097007D /* LaunchScreen.storyboard in Resources */,
				65F0D62F1C93A51A0097007D /* Assets.xcassets in Resources */,
				65F0D62D1C93A51A0097007D /* Main.storyboard in Resources */,
			);
			runOnlyForDeploymentPostprocessing = 0;
		};
		65F0D6361C93A51A0097007D /* Resources */ = {
			isa = PBXResourcesBuildPhase;
			buildActionMask = 2147483647;
			files = (
			);
			runOnlyForDeploymentPostprocessing = 0;
		};
		65F0D6411C93A51A0097007D /* Resources */ = {
			isa = PBXResourcesBuildPhase;
			buildActionMask = 2147483647;
			files = (
			);
			runOnlyForDeploymentPostprocessing = 0;
		};
/* End PBXResourcesBuildPhase section */

/* Begin PBXSourcesBuildPhase section */
		65F0D6201C93A51A0097007D /* Sources */ = {
			isa = PBXSourcesBuildPhase;
			buildActionMask = 2147483647;
			files = (
				65F0D62A1C93A51A0097007D /* ViewController.swift in Sources */,
				65F0D6281C93A51A0097007D /* AppDelegate.swift in Sources */,
			);
			runOnlyForDeploymentPostprocessing = 0;
		};
		65F0D6341C93A51A0097007D /* Sources */ = {
			isa = PBXSourcesBuildPhase;
			buildActionMask = 2147483647;
			files = (
				65F0D63D1C93A51A0097007D /* calculatorTests.swift in Sources */,
			);
			runOnlyForDeploymentPostprocessing = 0;
		};
		65F0D63F1C93A51A0097007D /* Sources */ = {
			isa = PBXSourcesBuildPhase;
			buildActionMask = 2147483647;
			files = (
				65F0D6481C93A51A0097007D /* calculatorUITests.swift in Sources */,
			);
			runOnlyForDeploymentPostprocessing = 0;
		};
/* End PBXSourcesBuildPhase section */

/* Begin PBXTargetDependency section */
		65F0D63A1C93A51A0097007D /* PBXTargetDependency */ = {
			isa = PBXTargetDependency;
			target = 65F0D6231C93A51A0097007D /* calculator */;
			targetProxy = 65F0D6391C93A51A0097007D /* PBXContainerItemProxy */;
		};
		65F0D6451C93A51A0097007D /* PBXTargetDependency */ = {
			isa = PBXTargetDependency;
			target = 65F0D6231C93A51A0097007D /* calculator */;
			targetProxy = 65F0D6441C93A51A0097007D /* PBXContainerItemProxy */;
		};
/* End PBXTargetDependency section */

/* Begin PBXVariantGroup section */
		65F0D62B1C93A51A0097007D /* Main.storyboard */ = {
			isa = PBXVariantGroup;
			children = (
				65F0D62C1C93A51A0097007D /* Base */,
			);
			name = Main.storyboard;
			sourceTree = "<group>";
		};
		65F0D6301C93A51A0097007D /* LaunchScreen.storyboard */ = {
			isa = PBXVariantGroup;
			children = (
				65F0D6311C93A51A0097007D /* Base */,
			);
			name = LaunchScreen.storyboard;
			sourceTree = "<group>";
		};
/* End PBXVariantGroup section */

/* Begin XCBuildConfiguration section */
		65F0D64A1C93A51A0097007D /* Debug */ = {
			isa = XCBuildConfiguration;
			buildSettings = {
				ALWAYS_SEARCH_USER_PATHS = NO;
				CLANG_CXX_LANGUAGE_STANDARD = "gnu++0x";
				CLANG_CXX_LIBRARY = "libc++";
				CLANG_ENABLE_MODULES = YES;
				CLANG_ENABLE_OBJC_ARC = YES;
				CLANG_WARN_BOOL_CONVERSION = YES;
				CLANG_WARN_CONSTANT_CONVERSION = YES;
				CLANG_WARN_DIRECT_OBJC_ISA_USAGE = YES_ERROR;
				CLANG_WARN_EMPTY_BODY = YES;
				CLANG_WARN_ENUM_CONVERSION = YES;
				CLANG_WARN_INT_CONVERSION = YES;
				CLANG_WARN_OBJC_ROOT_CLASS = YES_ERROR;
				CLANG_WARN_UNREACHABLE_CODE = YES;
				CLANG_WARN__DUPLICATE_METHOD_MATCH = YES;
				"CODE_SIGN_IDENTITY[sdk=iphoneos*]" = "iPhone Developer";
				COPY_PHASE_STRIP = NO;
				DEBUG_INFORMATION_FORMAT = dwarf;
				ENABLE_STRICT_OBJC_MSGSEND = YES;
				ENABLE_TESTABILITY = YES;
				GCC_C_LANGUAGE_STANDARD = gnu99;
				GCC_DYNAMIC_NO_PIC = NO;
				GCC_NO_COMMON_BLOCKS = YES;
				GCC_OPTIMIZATION_LEVEL = 0;
				GCC_PREPROCESSOR_DEFINITIONS = (
					"DEBUG=1",
					"$(inherited)",
				);
				GCC_WARN_64_TO_32_BIT_CONVERSION = YES;
				GCC_WARN_ABOUT_RETURN_TYPE = YES_ERROR;
				GCC_WARN_UNDECLARED_SELECTOR = YES;
				GCC_WARN_UNINITIALIZED_AUTOS = YES_AGGRESSIVE;
				GCC_WARN_UNUSED_FUNCTION = YES;
				GCC_WARN_UNUSED_VARIABLE = YES;
				IPHONEOS_DEPLOYMENT_TARGET = 9.2;
				MTL_ENABLE_DEBUG_INFO = YES;
				ONLY_ACTIVE_ARCH = YES;
				SDKROOT = iphoneos;
				SWIFT_OPTIMIZATION_LEVEL = "-Onone";
			};
			name = Debug;
		};
		65F0D64B1C93A51A0097007D /* Release */ = {
			isa = XCBuildConfiguration;
			buildSettings = {
				ALWAYS_SEARCH_USER_PATHS = NO;
				CLANG_CXX_LANGUAGE_STANDARD = "gnu++0x";
				CLANG_CXX_LIBRARY = "libc++";
				CLANG_ENABLE_MODULES = YES;
				CLANG_ENABLE_OBJC_ARC = YES;
				CLANG_WARN_BOOL_CONVERSION = YES;
				CLANG_WARN_CONSTANT_CONVERSION = YES;
				CLANG_WARN_DIRECT_OBJC_ISA_USAGE = YES_ERROR;
				CLANG_WARN_EMPTY_BODY = YES;
				CLANG_WARN_ENUM_CONVERSION = YES;
				CLANG_WARN_INT_CONVERSION = YES;
				CLANG_WARN_OBJC_ROOT_CLASS = YES_ERROR;
				CLANG_WARN_UNREACHABLE_CODE = YES;
				CLANG_WARN__DUPLICATE_METHOD_MATCH = YES;
				"CODE_SIGN_IDENTITY[sdk=iphoneos*]" = "iPhone Developer";
				COPY_PHASE_STRIP = NO;
				DEBUG_INFORMATION_FORMAT = "dwarf-with-dsym";
				ENABLE_NS_ASSERTIONS = NO;
				ENABLE_STRICT_OBJC_MSGSEND = YES;
				GCC_C_LANGUAGE_STANDARD = gnu99;
				GCC_NO_COMMON_BLOCKS = YES;
				GCC_WARN_64_TO_32_BIT_CONVERSION = YES;
				GCC_WARN_ABOUT_RETURN_TYPE = YES_ERROR;
				GCC_WARN_UNDECLARED_SELECTOR = YES;
				GCC_WARN_UNINITIALIZED_AUTOS = YES_AGGRESSIVE;
				GCC_WARN_UNUSED_FUNCTION = YES;
				GCC_WARN_UNUSED_VARIABLE = YES;
				IPHONEOS_DEPLOYMENT_TARGET = 9.2;
				MTL_ENABLE_DEBUG_INFO = NO;
				SDKROOT = iphoneos;
				VALIDATE_PRODUCT = YES;
			};
			name = Release;
		};
		65F0D64D1C93A51A0097007D /* Debug */ = {
			isa = XCBuildConfiguration;
			buildSettings = {
				ASSETCATALOG_COMPILER_APPICON_NAME = AppIcon;
				INFOPLIST_FILE = calculator/Info.plist;
				LD_RUNPATH_SEARCH_PATHS = "$(inherited) @executable_path/Frameworks";
				PRODUCT_BUNDLE_IDENTIFIER = freya.calculator;
				PRODUCT_NAME = "$(TARGET_NAME)";
			};
			name = Debug;
		};
		65F0D64E1C93A51A0097007D /* Release */ = {
			isa = XCBuildConfiguration;
			buildSettings = {
				ASSETCATALOG_COMPILER_APPICON_NAME = AppIcon;
				INFOPLIST_FILE = calculator/Info.plist;
				LD_RUNPATH_SEARCH_PATHS = "$(inherited) @executable_path/Frameworks";
				PRODUCT_BUNDLE_IDENTIFIER = freya.calculator;
				PRODUCT_NAME = "$(TARGET_NAME)";
			};
			name = Release;
		};
		65F0D6501C93A51A0097007D /* Debug */ = {
			isa = XCBuildConfiguration;
			buildSettings = {
				BUNDLE_LOADER = "$(TEST_HOST)";
				INFOPLIST_FILE = calculatorTests/Info.plist;
				LD_RUNPATH_SEARCH_PATHS = "$(inherited) @executable_path/Frameworks @loader_path/Frameworks";
				PRODUCT_BUNDLE_IDENTIFIER = freya.calculatorTests;
				PRODUCT_NAME = "$(TARGET_NAME)";
				TEST_HOST = "$(BUILT_PRODUCTS_DIR)/calculator.app/calculator";
			};
			name = Debug;
		};
		65F0D6511C93A51A0097007D /* Release */ = {
			isa = XCBuildConfiguration;
			buildSettings = {
				BUNDLE_LOADER = "$(TEST_HOST)";
				INFOPLIST_FILE = calculatorTests/Info.plist;
				LD_RUNPATH_SEARCH_PATHS = "$(inherited) @executable_path/Frameworks @loader_path/Frameworks";
				PRODUCT_BUNDLE_IDENTIFIER = freya.calculatorTests;
				PRODUCT_NAME = "$(TARGET_NAME)";
				TEST_HOST = "$(BUILT_PRODUCTS_DIR)/calculator.app/calculator";
			};
			name = Release;
		};
		65F0D6531C93A51A0097007D /* Debug */ = {
			isa = XCBuildConfiguration;
			buildSettings = {
				INFOPLIST_FILE = calculatorUITests/Info.plist;
				LD_RUNPATH_SEARCH_PATHS = "$(inherited) @executable_path/Frameworks @loader_path/Frameworks";
				PRODUCT_BUNDLE_IDENTIFIER = freya.calculatorUITests;
				PRODUCT_NAME = "$(TARGET_NAME)";
				TEST_TARGET_NAME = calculator;
				USES_XCTRUNNER = YES;
			};
			name = Debug;
		};
		65F0D6541C93A51A0097007D /* Release */ = {
			isa = XCBuildConfiguration;
			buildSettings = {
				INFOPLIST_FILE = calculatorUITests/Info.plist;
				LD_RUNPATH_SEARCH_PATHS = "$(inherited) @executable_path/Frameworks @loader_path/Frameworks";
				PRODUCT_BUNDLE_IDENTIFIER = freya.calculatorUITests;
				PRODUCT_NAME = "$(TARGET_NAME)";
				TEST_TARGET_NAME = calculator;
				USES_XCTRUNNER = YES;
			};
			name = Release;
		};
/* End XCBuildConfiguration section */

/* Begin XCConfigurationList section */
		65F0D61F1C93A51A0097007D /* Build configuration list for PBXProject "calculator" */ = {
			isa = XCConfigurationList;
			buildConfigurations = (
				65F0D64A1C93A51A0097007D /* Debug */,
				65F0D64B1C93A51A0097007D /* Release */,
			);
			defaultConfigurationIsVisible = 0;
			defaultConfigurationName = Release;
		};
		65F0D64C1C93A51A0097007D /* Build configuration list for PBXNativeTarget "calculator" */ = {
			isa = XCConfigurationList;
			buildConfigurations = (
				65F0D64D1C93A51A0097007D /* Debug */,
				65F0D64E1C93A51A0097007D /* Release */,
			);
			defaultConfigurationIsVisible = 0;
		};
		65F0D64F1C93A51A0097007D /* Build configuration list for PBXNativeTarget "calculatorTests" */ = {
			isa = XCConfigurationList;
			buildConfigurations = (
				65F0D6501C93A51A0097007D /* Debug */,
				65F0D6511C93A51A0097007D /* Release */,
			);
			defaultConfigurationIsVisible = 0;
		};
		65F0D6521C93A51A0097007D /* Build configuration list for PBXNativeTarget "calculatorUITests" */ = {
			isa = XCConfigurationList;
			buildConfigurations = (
				65F0D6531C93A51A0097007D /* Debug */,
				65F0D6541C93A51A0097007D /* Release */,
			);
			defaultConfigurationIsVisible = 0;
		};
/* End XCConfigurationList section */
	};
	rootObject = 65F0D61C1C93A51A0097007D /* Project object */;
}
